
Microsoft Visual Studio Solution File, Format Version 12.00
# Visual Studio Version 17
VisualStudioVersion = 17.4.33110.190
MinimumVisualStudioVersion = 10.0.40219.1
Project("{9A19103F-16F7-4668-BE54-9A1E7A4F7556}") = "LogicaComCSharp", "LogicaComCSharp\LogicaComCSharp.csproj", "{E1DD5163-D6F8-4B04-8C48-4EFE369E9437}"
EndProject
Project("{9A19103F-16F7-4668-BE54-9A1E7A4F7556}") = "01TiposDeDados", "01TiposDeDados\01TiposDeDados.csproj", "{B0FEC466-4998-4030-80D6-409142DF8AA8}"
EndProject
Project("{9A19103F-16F7-4668-BE54-9A1E7A4F7556}") = "02SaidaDeDados", "02SaidaDeDados\02SaidaDeDados.csproj", "{047E94C0-C926-44CE-9B48-88C4D72874DD}"
EndProject
Project("{9A19103F-16F7-4668-BE54-9A1E7A4F7556}") = "02SaidaDeDadosExercicio", "02SaidaDeDadosExercicio\02SaidaDeDadosExercicio.csproj", "{83DCC63E-7C52-4EAA-BEA3-2CBA76A743C4}"
EndProject
Project("{9A19103F-16F7-4668-BE54-9A1E7A4F7556}") = "03OperadoresAritmeticos", "03OperadoresAritmeticos\03OperadoresAritmeticos.csproj", "{7103EE1F-3944-439C-AADC-BB0CC9C2DE23}"
EndProject
Project("{9A19103F-16F7-4668-BE54-9A1E7A4F7556}") = "04OperadoresDeAtribuicao", "04OperadoresDeAtribuicao\04OperadoresDeAtribuicao.csproj", "{2CE31AE0-15E3-4E3B-A0E4-6B464E32C885}"
EndProject
Project("{9A19103F-16F7-4668-BE54-9A1E7A4F7556}") = "05ConversaoImplicitaECasting", "05ConversaoImplicitaECasting\05ConversaoImplicitaECasting.csproj", "{4C2AABA4-AE39-42F7-92D6-E084023ADB93}"
EndProject
Project("{9A19103F-16F7-4668-BE54-9A1E7A4F7556}") = "06EntradaDeDados", "06EntradaDeDados\06EntradaDeDados.csproj", "{6B1B0367-87E4-4B19-905C-8AC3ADD95A43}"
EndProject
Project("{9A19103F-16F7-4668-BE54-9A1E7A4F7556}") = "06EntradaDeDadosExercicio", "06EntradaDeDadosExercicio\06EntradaDeDadosExercicio.csproj", "{7F908D7F-9447-4FE5-B0DB-2108914C61D2}"
EndProject
Project("{FAE04EC0-301F-11D3-BF4B-00C04F79EFBC}") = "07OperadoresComparativos", "07OperadoresComparativos\07OperadoresComparativos.csproj", "{EAB9FF81-2993-4F6B-9069-98C6F0418CBD}"
EndProject
Project("{FAE04EC0-301F-11D3-BF4B-00C04F79EFBC}") = "08OperadoresLogicos", "08OperadoresLogicos\08OperadoresLogicos.csproj", "{37C99067-B3D9-4B47-9646-B84691D6EBCB}"
EndProject
Global
	GlobalSection(SolutionConfigurationPlatforms) = preSolution
		Debug|Any CPU = Debug|Any CPU
		Release|Any CPU = Release|Any CPU
	EndGlobalSection
	GlobalSection(ProjectConfigurationPlatforms) = postSolution
		{E1DD5163-D6F8-4B04-8C48-4EFE369E9437}.Debug|Any CPU.ActiveCfg = Debug|Any CPU
		{E1DD5163-D6F8-4B04-8C48-4EFE369E9437}.Debug|Any CPU.Build.0 = Debug|Any CPU
		{E1DD5163-D6F8-4B04-8C48-4EFE369E9437}.Release|Any CPU.ActiveCfg = Release|Any CPU
		{E1DD5163-D6F8-4B04-8C48-4EFE369E9437}.Release|Any CPU.Build.0 = Release|Any CPU
		{B0FEC466-4998-4030-80D6-409142DF8AA8}.Debug|Any CPU.ActiveCfg = Debug|Any CPU
		{B0FEC466-4998-4030-80D6-409142DF8AA8}.Debug|Any CPU.Build.0 = Debug|Any CPU
		{B0FEC466-4998-4030-80D6-409142DF8AA8}.Release|Any CPU.ActiveCfg = Release|Any CPU
		{B0FEC466-4998-4030-80D6-409142DF8AA8}.Release|Any CPU.Build.0 = Release|Any CPU
		{047E94C0-C926-44CE-9B48-88C4D72874DD}.Debug|Any CPU.ActiveCfg = Debug|Any CPU
		{047E94C0-C926-44CE-9B48-88C4D72874DD}.Debug|Any CPU.Build.0 = Debug|Any CPU
		{047E94C0-C926-44CE-9B48-88C4D72874DD}.Release|Any CPU.ActiveCfg = Release|Any CPU
		{047E94C0-C926-44CE-9B48-88C4D72874DD}.Release|Any CPU.Build.0 = Release|Any CPU
		{83DCC63E-7C52-4EAA-BEA3-2CBA76A743C4}.Debug|Any CPU.ActiveCfg = Debug|Any CPU
		{83DCC63E-7C52-4EAA-BEA3-2CBA76A743C4}.Debug|Any CPU.Build.0 = Debug|Any CPU
		{83DCC63E-7C52-4EAA-BEA3-2CBA76A743C4}.Release|Any CPU.ActiveCfg = Release|Any CPU
		{83DCC63E-7C52-4EAA-BEA3-2CBA76A743C4}.Release|Any CPU.Build.0 = Release|Any CPU
		{7103EE1F-3944-439C-AADC-BB0CC9C2DE23}.Debug|Any CPU.ActiveCfg = Debug|Any CPU
		{7103EE1F-3944-439C-AADC-BB0CC9C2DE23}.Debug|Any CPU.Build.0 = Debug|Any CPU
		{7103EE1F-3944-439C-AADC-BB0CC9C2DE23}.Release|Any CPU.ActiveCfg = Release|Any CPU
		{7103EE1F-3944-439C-AADC-BB0CC9C2DE23}.Release|Any CPU.Build.0 = Release|Any CPU
		{2CE31AE0-15E3-4E3B-A0E4-6B464E32C885}.Debug|Any CPU.ActiveCfg = Debug|Any CPU
		{2CE31AE0-15E3-4E3B-A0E4-6B464E32C885}.Debug|Any CPU.Build.0 = Debug|Any CPU
		{2CE31AE0-15E3-4E3B-A0E4-6B464E32C885}.Release|Any CPU.ActiveCfg = Release|Any CPU
		{2CE31AE0-15E3-4E3B-A0E4-6B464E32C885}.Release|Any CPU.Build.0 = Release|Any CPU
		{4C2AABA4-AE39-42F7-92D6-E084023ADB93}.Debug|Any CPU.ActiveCfg = Debug|Any CPU
		{4C2AABA4-AE39-42F7-92D6-E084023ADB93}.Debug|Any CPU.Build.0 = Debug|Any CPU
		{4C2AABA4-AE39-42F7-92D6-E084023ADB93}.Release|Any CPU.ActiveCfg = Release|Any CPU
		{4C2AABA4-AE39-42F7-92D6-E084023ADB93}.Release|Any CPU.Build.0 = Release|Any CPU
		{6B1B0367-87E4-4B19-905C-8AC3ADD95A43}.Debug|Any CPU.ActiveCfg = Debug|Any CPU
		{6B1B0367-87E4-4B19-905C-8AC3ADD95A43}.Debug|Any CPU.Build.0 = Debug|Any CPU
		{6B1B0367-87E4-4B19-905C-8AC3ADD95A43}.Release|Any CPU.ActiveCfg = Release|Any CPU
		{6B1B0367-87E4-4B19-905C-8AC3ADD95A43}.Release|Any CPU.Build.0 = Release|Any CPU
		{7F908D7F-9447-4FE5-B0DB-2108914C61D2}.Debug|Any CPU.ActiveCfg = Debug|Any CPU
		{7F908D7F-9447-4FE5-B0DB-2108914C61D2}.Debug|Any CPU.Build.0 = Debug|Any CPU
		{7F908D7F-9447-4FE5-B0DB-2108914C61D2}.Release|Any CPU.ActiveCfg = Release|Any CPU
		{7F908D7F-9447-4FE5-B0DB-2108914C61D2}.Release|Any CPU.Build.0 = Release|Any CPU
		{EAB9FF81-2993-4F6B-9069-98C6F0418CBD}.Debug|Any CPU.ActiveCfg = Debug|Any CPU
		{EAB9FF81-2993-4F6B-9069-98C6F0418CBD}.Debug|Any CPU.Build.0 = Debug|Any CPU
		{EAB9FF81-2993-4F6B-9069-98C6F0418CBD}.Release|Any CPU.ActiveCfg = Release|Any CPU
		{EAB9FF81-2993-4F6B-9069-98C6F0418CBD}.Release|Any CPU.Build.0 = Release|Any CPU
		{37C99067-B3D9-4B47-9646-B84691D6EBCB}.Debug|Any CPU.ActiveCfg = Debug|Any CPU
		{37C99067-B3D9-4B47-9646-B84691D6EBCB}.Debug|Any CPU.Build.0 = Debug|Any CPU
		{37C99067-B3D9-4B47-9646-B84691D6EBCB}.Release|Any CPU.ActiveCfg = Release|Any CPU
		{37C99067-B3D9-4B47-9646-B84691D6EBCB}.Release|Any CPU.Build.0 = Release|Any CPU
	EndGlobalSection
	GlobalSection(SolutionProperties) = preSolution
		HideSolutionNode = FALSE
	EndGlobalSection
	GlobalSection(ExtensibilityGlobals) = postSolution
		SolutionGuid = {26C83D90-4400-45DF-8DFD-ADEA5B416D6C}
	EndGlobalSection
EndGlobal
